{
  "version": 2,
  "dependencies": {
    "net10.0": {
      "OpenTelemetry.Exporter.OpenTelemetryProtocol": {
        "type": "Direct",
        "requested": "[1.19.0, )",
        "resolved": "1.19.0",
        "contentHash": "x1QtTiMXvM4POUv92FX0S3KPLCwaFpZ76NwNsd4Os7jWDT+oESkfDSdP7JisoTdMP3x+s4xjXlc7eXEuU5SBMw==",
        "dependencies": {
          "OpenTelemetry": "1.19.0"
        }
      },
      "OpenTelemetry.Extensions.Hosting": {
        "type": "Direct",
        "requested": "[1.19.0, )",
        "resolved": "1.19.0",
        "contentHash": "XmjQIPG36zgkpc2nYkveQvmVe7zqffmXG+/7rGlE67Be59clUlPyJA8NKMi1XeZheoNkQG6SZcZ5NykzGRHrdA==",
        "dependencies": {
          "OpenTelemetry": "1.19.0"
        }
      },
      "OpenTelemetry.Instrumentation.AspNetCore": {
        "type": "Direct",
        "requested": "[1.19.0, )",
        "resolved": "1.19.0",
        "contentHash": "reypo7g0Nzyssg1EkbfWU6W58CVFgtgkSEGrFXtbpA+bNit7HUs7587DOkOdPCgqWr3IL4f6X9B2yhnU6POrFA==",
        "dependencies": {
          "OpenTelemetry.Api.ProviderBuilderExtensions": "[1.19.0, 2.0.0)"
        }
      },
      "OpenTelemetry.Instrumentation.Http": {
        "type": "Direct",
        "requested": "[1.19.0, )",
        "resolved": "1.19.0",
        "contentHash": "+egJpWBRfYP3ldfexV2bmJyzOWkkOPVYikw/vUEtbUvf2exJfY3RGInXrYlubhBIH6rmNEn6sI/FmqenZJwkjw==",
        "dependencies": {
          "OpenTelemetry.Api.ProviderBuilderExtensions": "[1.19.0, 2.0.0)"
        }
      },
      "OpenTelemetry.Instrumentation.Runtime": {
        "type": "Direct",
        "requested": "[1.19.0, )",
        "resolved": "1.19.0",
        "contentHash": "VIH2tQ2h31j4wQyZ9Utk8ZXIyj7Z1j0xIiyPRGjYu1MmZjJtpxRh0Y/NnB6fEBimNg/WrX0jDyfMeEjPQqmaMA==",
        "dependencies": {
          "OpenTelemetry.Api": "[1.19.0, 2.0.0)"
        }
      },
      "OpenTelemetry": {
        "type": "Transitive",
        "resolved": "1.19.0",
        "contentHash": "tH3Y3ABOCcUXbnz/jntnfEXcSxEy+GzS2niNqwJPIcNdAYUpP09QHLaAwcJExeS+ibfmlcSkmIfWlKhe7yVjIA==",
        "dependencies": {
          "OpenTelemetry.Api.ProviderBuilderExtensions": "1.19.0"
        }
      },
      "OpenTelemetry.Api": {
        "type": "Transitive",
        "resolved": "1.19.0",
        "contentHash": "ZupI0cvo9Jyk2IwLLMrXQm3PvX67tCBIiFws5fslm2Xw7gYctq5wZiGPS+mKmMususAAE9+jyv5Jp7ADxdZDJw=="
      },
      "OpenTelemetry.Api.ProviderBuilderExtensions": {
        "type": "Transitive",
        "resolved": "1.19.0",
        "contentHash": "V+nYo7IIqH7cXagkERfGZUNstdoZQkplpn+hZMkLBlJ0ZJNQBvTMv2Cvjq8eqqxkB9lmBw+CUH78hWxJB1Vdcg==",
        "dependencies": {
          "OpenTelemetry.Api": "1.19.0"
        }
      }
    }
  }
}